
Microsoft Visual Studio Solution File, Format Version 12.00
# Visual Studio Version 16
VisualStudioVersion = 16.0.33130.400
MinimumVisualStudioVersion = 10.0.40219.1
Project("{FAE04EC0-301F-11D3-BF4B-00C04F79EFBC}") = "WPF_app_learn", "WPF_app_learn\WPF_app_learn.csproj", "{C7AF22C6-5FE1-4D6B-90D2-448D343E42F2}"
EndProject
Global
	GlobalSection(SolutionConfigurationPlatforms) = preSolution
		Debug|Any CPU = Debug|Any CPU
		Release|Any CPU = Release|Any CPU
	EndGlobalSection
	GlobalSection(ProjectConfigurationPlatforms) = postSolution
		{C7AF22C6-5FE1-4D6B-90D2-448D343E42F2}.Debug|Any CPU.ActiveCfg = Debug|Any CPU
		{C7AF22C6-5FE1-4D6B-90D2-448D343E42F2}.Debug|Any CPU.Build.0 = Debug|Any CPU
		{C7AF22C6-5FE1-4D6B-90D2-448D343E42F2}.Release|Any CPU.ActiveCfg = Release|Any CPU
		{C7AF22C6-5FE1-4D6B-90D2-448D343E42F2}.Release|Any CPU.Build.0 = Release|Any CPU
	EndGlobalSection
	GlobalSection(SolutionProperties) = preSolution
		HideSolutionNode = FALSE
	EndGlobalSection
	GlobalSection(ExtensibilityGlobals) = postSolution
		SolutionGuid = {B1CEEF8F-6FEC-4448-92B2-F2411661D95E}
	EndGlobalSection
EndGlobal
